
Microsoft Visual Studio Solution File, Format Version 12.00
# Visual Studio Version 17
VisualStudioVersion = 17.12.35707.178
MinimumVisualStudioVersion = 10.0.40219.1
Project("{FAE04EC0-301F-11D3-BF4B-00C04F79EFBC}") = "CinemaDomain", "CinemaDomain\CinemaDomain.csproj", "{134E6771-B219-4483-AEC5-77F0E4C15932}"
EndProject
Project("{FAE04EC0-301F-11D3-BF4B-00C04F79EFBC}") = "CinemaInfrastructure", "CinemaInfrastructure\CinemaInfrastructure.csproj", "{3132F581-8F45-4CE2-AA3F-B4CDBEA9428F}"
EndProject
Project("{2150E333-8FDC-42A3-9474-1A3956D46DE8}") = "Solution Items", "Solution Items", "{A4D412CD-074F-4778-8418-07FCA9682324}"
	ProjectSection(SolutionItems) = preProject
		..\..\img\home_page.png = ..\..\img\home_page.png
	EndProjectSection
EndProject
Global
	GlobalSection(SolutionConfigurationPlatforms) = preSolution
		Debug|Any CPU = Debug|Any CPU
		Release|Any CPU = Release|Any CPU
	EndGlobalSection
	GlobalSection(ProjectConfigurationPlatforms) = postSolution
		{134E6771-B219-4483-AEC5-77F0E4C15932}.Debug|Any CPU.ActiveCfg = Debug|Any CPU
		{134E6771-B219-4483-AEC5-77F0E4C15932}.Debug|Any CPU.Build.0 = Debug|Any CPU
		{134E6771-B219-4483-AEC5-77F0E4C15932}.Release|Any CPU.ActiveCfg = Release|Any CPU
		{134E6771-B219-4483-AEC5-77F0E4C15932}.Release|Any CPU.Build.0 = Release|Any CPU
		{3132F581-8F45-4CE2-AA3F-B4CDBEA9428F}.Debug|Any CPU.ActiveCfg = Debug|Any CPU
		{3132F581-8F45-4CE2-AA3F-B4CDBEA9428F}.Debug|Any CPU.Build.0 = Debug|Any CPU
		{3132F581-8F45-4CE2-AA3F-B4CDBEA9428F}.Release|Any CPU.ActiveCfg = Release|Any CPU
		{3132F581-8F45-4CE2-AA3F-B4CDBEA9428F}.Release|Any CPU.Build.0 = Release|Any CPU
	EndGlobalSection
	GlobalSection(SolutionProperties) = preSolution
		HideSolutionNode = FALSE
	EndGlobalSection
EndGlobal
